// !$*UTF8*$!
{
	archiveVersion = 1;
	classes = {
	};
	objectVersion = 46;
	objects = {

/* Begin PBXBuildFile section */
		9AC7DA861F00DB9A00F5F6D9 /* main.m in Sources */ = {isa = PBXBuildFile; fileRef = 9AC7DA851F00DB9A00F5F6D9 /* main.m */; };
		9AC7DA891F00DB9A00F5F6D9 /* AppDelegate.m in Sources */ = {isa = PBXBuildFile; fileRef = 9AC7DA881F00DB9A00F5F6D9 /* AppDelegate.m */; };
		9AC7DA8C1F00DB9A00F5F6D9 /* ViewController.m in Sources */ = {isa = PBXBuildFile; fileRef = 9AC7DA8B1F00DB9A00F5F6D9 /* ViewController.m */; };
		9AC7DA8F1F00DB9A00F5F6D9 /* Main.storyboard in Resources */ = {isa = PBXBuildFile; fileRef = 9AC7DA8D1F00DB9A00F5F6D9 /* Main.storyboard */; };
		9AC7DA911F00DB9A00F5F6D9 /* Assets.xcassets in Resources */ = {isa = PBXBuildFile; fileRef = 9AC7DA901F00DB9A00F5F6D9 /* Assets.xcassets */; };
		9AC7DA941F00DB9A00F5F6D9 /* LaunchScreen.storyboard in Resources */ = {isa = PBXBuildFile; fileRef = 9AC7DA921F00DB9A00F5F6D9 /* LaunchScreen.storyboard */; };
		9AC7DA9F1F00DB9A00F5F6D9 /* TimerManagerTests.m in Sources */ = {isa = PBXBuildFile; fileRef = 9AC7DA9E1F00DB9A00F5F6D9 /* TimerManagerTests.m */; };
		9AC7DAAA1F00DB9A00F5F6D9 /* TimerManagerUITests.m in Sources */ = {isa = PBXBuildFile; fileRef = 9AC7DAA91F00DB9A00F5F6D9 /* TimerManagerUITests.m */; };
		9AC7DAB91F00DBFC00F5F6D9 /* SFTimerManager.m in Sources */ = {isa = PBXBuildFile; fileRef = 9AC7DAB81F00DBFC00F5F6D9 /* SFTimerManager.m */; };
/* End PBXBuildFile section */

/* Begin PBXContainerItemProxy section */
		9AC7DA9B1F00DB9A00F5F6D9 /* PBXContainerItemProxy */ = {
			isa = PBXContainerItemProxy;
			containerPortal = 9AC7DA791F00DB9A00F5F6D9 /* Project object */;
			proxyType = 1;
			remoteGlobalIDString = 9AC7DA801F00DB9A00F5F6D9;
			remoteInfo = TimerManager;
		};
		9AC7DAA61F00DB9A00F5F6D9 /* PBXContainerItemProxy */ = {
			isa = PBXContainerItemProxy;
			containerPortal = 9AC7DA791F00DB9A00F5F6D9 /* Project object */;
			proxyType = 1;
			remoteGlobalIDString = 9AC7DA801F00DB9A00F5F6D9;
			remoteInfo = TimerManager;
		};
/* End PBXContainerItemProxy section */

/* Begin PBXFileReference section */
		9AC7DA811F00DB9A00F5F6D9 /* TimerManager.app */ = {isa = PBXFileReference; explicitFileType = wrapper.application; includeInIndex = 0; path = TimerManager.app; sourceTree = BUILT_PRODUCTS_DIR; };
		9AC7DA851F00DB9A00F5F6D9 /* main.m */ = {isa = PBXFileReference; lastKnownFileType = sourcecode.c.objc; path = main.m; sourceTree = "<group>"; };
		9AC7DA871F00DB9A00F5F6D9 /* AppDelegate.h */ = {isa = PBXFileReference; lastKnownFileType = sourcecode.c.h; path = AppDelegate.h; sourceTree = "<group>"; };
		9AC7DA881F00DB9A00F5F6D9 /* AppDelegate.m */ = {isa = PBXFileReference; lastKnownFileType = sourcecode.c.objc; path = AppDelegate.m; sourceTree = "<group>"; };
		9AC7DA8A1F00DB9A00F5F6D9 /* ViewController.h */ = {isa = PBXFileReference; lastKnownFileType = sourcecode.c.h; path = ViewController.h; sourceTree = "<group>"; };
		9AC7DA8B1F00DB9A00F5F6D9 /* ViewController.m */ = {isa = PBXFileReference; lastKnownFileType = sourcecode.c.objc; path = ViewController.m; sourceTree = "<group>"; };
		9AC7DA8E1F00DB9A00F5F6D9 /* Base */ = {isa = PBXFileReference; lastKnownFileType = file.storyboard; name = Base; path = Base.lproj/Main.storyboard; sourceTree = "<group>"; };
		9AC7DA901F00DB9A00F5F6D9 /* Assets.xcassets */ = {isa = PBXFileReference; lastKnownFileType = folder.assetcatalog; path = Assets.xcassets; sourceTree = "<group>"; };
		9AC7DA931F00DB9A00F5F6D9 /* Base */ = {isa = PBXFileReference; lastKnownFileType = file.storyboard; name = Base; path = Base.lproj/LaunchScreen.storyboard; sourceTree = "<group>"; };
		9AC7DA951F00DB9A00F5F6D9 /* Info.plist */ = {isa = PBXFileReference; lastKnownFileType = text.plist.xml; path = Info.plist; sourceTree = "<group>"; };
		9AC7DA9A1F00DB9A00F5F6D9 /* TimerManagerTests.xctest */ = {isa = PBXFileReference; explicitFileType = wrapper.cfbundle; includeInIndex = 0; path = TimerManagerTests.xctest; sourceTree = BUILT_PRODUCTS_DIR; };
		9AC7DA9E1F00DB9A00F5F6D9 /* TimerManagerTests.m */ = {isa = PBXFileReference; lastKnownFileType = sourcecode.c.objc; path = TimerManagerTests.m; sourceTree = "<group>"; };
		9AC7DAA01F00DB9A00F5F6D9 /* Info.plist */ = {isa = PBXFileReference; lastKnownFileType = text.plist.xml; path = Info.plist; sourceTree = "<group>"; };
		9AC7DAA51F00DB9A00F5F6D9 /* TimerManagerUITests.xctest */ = {isa = PBXFileReference; explicitFileType = wrapper.cfbundle; includeInIndex = 0; path = TimerManagerUITests.xctest; sourceTree = BUILT_PRODUCTS_DIR; };
		9AC7DAA91F00DB9A00F5F6D9 /* TimerManagerUITests.m */ = {isa = PBXFileReference; lastKnownFileType = sourcecode.c.objc; path = TimerManagerUITests.m; sourceTree = "<group>"; };
		9AC7DAAB1F00DB9A00F5F6D9 /* Info.plist */ = {isa = PBXFileReference; lastKnownFileType = text.plist.xml; path = Info.plist; sourceTree = "<group>"; };
		9AC7DAB71F00DBFC00F5F6D9 /* SFTimerManager.h */ = {isa = PBXFileReference; fileEncoding = 4; lastKnownFileType = sourcecode.c.h; path = SFTimerManager.h; sourceTree = "<group>"; };
		9AC7DAB81F00DBFC00F5F6D9 /* SFTimerManager.m */ = {isa = PBXFileReference; fileEncoding = 4; lastKnownFileType = sourcecode.c.objc; path = SFTimerManager.m; sourceTree = "<group>"; };
/* End PBXFileReference section */

/* Begin PBXFrameworksBuildPhase section */
		9AC7DA7E1F00DB9A00F5F6D9 /* Frameworks */ = {
			isa = PBXFrameworksBuildPhase;
			buildActionMask = 2147483647;
			files = (
			);
			runOnlyForDeploymentPostprocessing = 0;
		};
		9AC7DA971F00DB9A00F5F6D9 /* Frameworks */ = {
			isa = PBXFrameworksBuildPhase;
			buildActionMask = 2147483647;
			files = (
			);
			runOnlyForDeploymentPostprocessing = 0;
		};
		9AC7DAA21F00DB9A00F5F6D9 /* Frameworks */ = {
			isa = PBXFrameworksBuildPhase;
			buildActionMask = 2147483647;
			files = (
			);
			runOnlyForDeploymentPostprocessing = 0;
		};
/* End PBXFrameworksBuildPhase section */

/* Begin PBXGroup section */
		9AC7DA781F00DB9A00F5F6D9 = {
			isa = PBXGroup;
			children = (
				9AC7DA831F00DB9A00F5F6D9 /* TimerManager */,
				9AC7DA9D1F00DB9A00F5F6D9 /* TimerManagerTests */,
				9AC7DAA81F00DB9A00F5F6D9 /* TimerManagerUITests */,
				9AC7DA821F00DB9A00F5F6D9 /* Products */,
			);
			sourceTree = "<group>";
		};
		9AC7DA821F00DB9A00F5F6D9 /* Products */ = {
			isa = PBXGroup;
			children = (
				9AC7DA811F00DB9A00F5F6D9 /* TimerManager.app */,
				9AC7DA9A1F00DB9A00F5F6D9 /* TimerManagerTests.xctest */,
				9AC7DAA51F00DB9A00F5F6D9 /* TimerManagerUITests.xctest */,
			);
			name = Products;
			sourceTree = "<group>";
		};
		9AC7DA831F00DB9A00F5F6D9 /* TimerManager */ = {
			isa = PBXGroup;
			children = (
				9AC7DAB71F00DBFC00F5F6D9 /* SFTimerManager.h */,
				9AC7DAB81F00DBFC00F5F6D9 /* SFTimerManager.m */,
				9AC7DA871F00DB9A00F5F6D9 /* AppDelegate.h */,
				9AC7DA881F00DB9A00F5F6D9 /* AppDelegate.m */,
				9AC7DA8A1F00DB9A00F5F6D9 /* ViewController.h */,
				9AC7DA8B1F00DB9A00F5F6D9 /* ViewController.m */,
				9AC7DA8D1F00DB9A00F5F6D9 /* Main.storyboard */,
				9AC7DA901F00DB9A00F5F6D9 /* Assets.xcassets */,
				9AC7DA921F00DB9A00F5F6D9 /* LaunchScreen.storyboard */,
				9AC7DA951F00DB9A00F5F6D9 /* Info.plist */,
				9AC7DA841F00DB9A00F5F6D9 /* Supporting Files */,
			);
			path = TimerManager;
			sourceTree = "<group>";
		};
		9AC7DA841F00DB9A00F5F6D9 /* Supporting Files */ = {
			isa = PBXGroup;
			children = (
				9AC7DA851F00DB9A00F5F6D9 /* main.m */,
			);
			name = "Supporting Files";
			sourceTree = "<group>";
		};
		9AC7DA9D1F00DB9A00F5F6D9 /* TimerManagerTests */ = {
			isa = PBXGroup;
			children = (
				9AC7DA9E1F00DB9A00F5F6D9 /* TimerManagerTests.m */,
				9AC7DAA01F00DB9A00F5F6D9 /* Info.plist */,
			);
			path = TimerManagerTests;
			sourceTree = "<group>";
		};
		9AC7DAA81F00DB9A00F5F6D9 /* TimerManagerUITests */ = {
			isa = PBXGroup;
			children = (
				9AC7DAA91F00DB9A00F5F6D9 /* TimerManagerUITests.m */,
				9AC7DAAB1F00DB9A00F5F6D9 /* Info.plist */,
			);
			path = TimerManagerUITests;
			sourceTree = "<group>";
		};
/* End PBXGroup section */

/* Begin PBXNativeTarget section */
		9AC7DA801F00DB9A00F5F6D9 /* TimerManager */ = {
			isa = PBXNativeTarget;
			buildConfigurationList = 9AC7DAAE1F00DB9A00F5F6D9 /* Build configuration list for PBXNativeTarget "TimerManager" */;
			buildPhases = (
				9AC7DA7D1F00DB9A00F5F6D9 /* Sources */,
				9AC7DA7E1F00DB9A00F5F6D9 /* Frameworks */,
				9AC7DA7F1F00DB9A00F5F6D9 /* Resources */,
			);
			buildRules = (
			);
			dependencies = (
			);
			name = TimerManager;
			productName = TimerManager;
			productReference = 9AC7DA811F00DB9A00F5F6D9 /* TimerManager.app */;
			productType = "com.apple.product-type.application";
		};
		9AC7DA991F00DB9A00F5F6D9 /* TimerManagerTests */ = {
			isa = PBXNativeTarget;
			buildConfigurationList = 9AC7DAB11F00DB9A00F5F6D9 /* Build configuration list for PBXNativeTarget "TimerManagerTests" */;
			buildPhases = (
				9AC7DA961F00DB9A00F5F6D9 /* Sources */,
				9AC7DA971F00DB9A00F5F6D9 /* Frameworks */,
				9AC7DA981F00DB9A00F5F6D9 /* Resources */,
			);
			buildRules = (
			);
			dependencies = (
				9AC7DA9C1F00DB9A00F5F6D9 /* PBXTargetDependency */,
			);
			name = TimerManagerTests;
			productName = TimerManagerTests;
			productReference = 9AC7DA9A1F00DB9A00F5F6D9 /* TimerManagerTests.xctest */;
			productType = "com.apple.product-type.bundle.unit-test";
		};
		9AC7DAA41F00DB9A00F5F6D9 /* TimerManagerUITests */ = {
			isa = PBXNativeTarget;
			buildConfigurationList = 9AC7DAB41F00DB9A00F5F6D9 /* Build configuration list for PBXNativeTarget "TimerManagerUITests" */;
			buildPhases = (
				9AC7DAA11F00DB9A00F5F6D9 /* Sources */,
				9AC7DAA21F00DB9A00F5F6D9 /* Frameworks */,
				9AC7DAA31F00DB9A00F5F6D9 /* Resources */,
			);
			buildRules = (
			);
			dependencies = (
				9AC7DAA71F00DB9A00F5F6D9 /* PBXTargetDependency */,
			);
			name = TimerManagerUITests;
			productName = TimerManagerUITests;
			productReference = 9AC7DAA51F00DB9A00F5F6D9 /* TimerManagerUITests.xctest */;
			productType = "com.apple.product-type.bundle.ui-testing";
		};
/* End PBXNativeTarget section */

/* Begin PBXProject section */
		9AC7DA791F00DB9A00F5F6D9 /* Project object */ = {
			isa = PBXProject;
			attributes = {
				LastUpgradeCheck = 0830;
				ORGANIZATIONNAME = "王声远";
				TargetAttributes = {
					9AC7DA801F00DB9A00F5F6D9 = {
						CreatedOnToolsVersion = 8.3.2;
						DevelopmentTeam = JPYH2GZ99G;
						ProvisioningStyle = Automatic;
					};
					9AC7DA991F00DB9A00F5F6D9 = {
						CreatedOnToolsVersion = 8.3.2;
						DevelopmentTeam = JPYH2GZ99G;
						ProvisioningStyle = Automatic;
						TestTargetID = 9AC7DA801F00DB9A00F5F6D9;
					};
					9AC7DAA41F00DB9A00F5F6D9 = {
						CreatedOnToolsVersion = 8.3.2;
						DevelopmentTeam = JPYH2GZ99G;
						ProvisioningStyle = Automatic;
						TestTargetID = 9AC7DA801F00DB9A00F5F6D9;
					};
				};
			};
			buildConfigurationList = 9AC7DA7C1F00DB9A00F5F6D9 /* Build configuration list for PBXProject "TimerManager" */;
			compatibilityVersion = "Xcode 3.2";
			developmentRegion = English;
			hasScannedForEncodings = 0;
			knownRegions = (
				en,
				Base,
			);
			mainGroup = 9AC7DA781F00DB9A00F5F6D9;
			productRefGroup = 9AC7DA821F00DB9A00F5F6D9 /* Products */;
			projectDirPath = "";
			projectRoot = "";
			targets = (
				9AC7DA801F00DB9A00F5F6D9 /* TimerManager */,
				9AC7DA991F00DB9A00F5F6D9 /* TimerManagerTests */,
				9AC7DAA41F00DB9A00F5F6D9 /* TimerManagerUITests */,
			);
		};
/* End PBXProject section */

/* Begin PBXResourcesBuildPhase section */
		9AC7DA7F1F00DB9A00F5F6D9 /* Resources */ = {
			isa = PBXResourcesBuildPhase;
			buildActionMask = 2147483647;
			files = (
				9AC7DA941F00DB9A00F5F6D9 /* LaunchScreen.storyboard in Resources */,
				9AC7DA911F00DB9A00F5F6D9 /* Assets.xcassets in Resources */,
				9AC7DA8F1F00DB9A00F5F6D9 /* Main.storyboard in Resources */,
			);
			runOnlyForDeploymentPostprocessing = 0;
		};
		9AC7DA981F00DB9A00F5F6D9 /* Resources */ = {
			isa = PBXResourcesBuildPhase;
			buildActionMask = 2147483647;
			files = (
			);
			runOnlyForDeploymentPostprocessing = 0;
		};
		9AC7DAA31F00DB9A00F5F6D9 /* Resources */ = {
			isa = PBXResourcesBuildPhase;
			buildActionMask = 2147483647;
			files = (
			);
			runOnlyForDeploymentPostprocessing = 0;
		};
/* End PBXResourcesBuildPhase section */

/* Begin PBXSourcesBuildPhase section */
		9AC7DA7D1F00DB9A00F5F6D9 /* Sources */ = {
			isa = PBXSourcesBuildPhase;
			buildActionMask = 2147483647;
			files = (
				9AC7DAB91F00DBFC00F5F6D9 /* SFTimerManager.m in Sources */,
				9AC7DA8C1F00DB9A00F5F6D9 /* ViewController.m in Sources */,
				9AC7DA891F00DB9A00F5F6D9 /* AppDelegate.m in Sources */,
				9AC7DA861F00DB9A00F5F6D9 /* main.m in Sources */,
			);
			runOnlyForDeploymentPostprocessing = 0;
		};
		9AC7DA961F00DB9A00F5F6D9 /* Sources */ = {
			isa = PBXSourcesBuildPhase;
			buildActionMask = 2147483647;
			files = (
				9AC7DA9F1F00DB9A00F5F6D9 /* TimerManagerTests.m in Sources */,
			);
			runOnlyForDeploymentPostprocessing = 0;
		};
		9AC7DAA11F00DB9A00F5F6D9 /* Sources */ = {
			isa = PBXSourcesBuildPhase;
			buildActionMask = 2147483647;
			files = (
				9AC7DAAA1F00DB9A00F5F6D9 /* TimerManagerUITests.m in Sources */,
			);
			runOnlyForDeploymentPostprocessing = 0;
		};
/* End PBXSourcesBuildPhase section */

/* Begin PBXTargetDependency section */
		9AC7DA9C1F00DB9A00F5F6D9 /* PBXTargetDependency */ = {
			isa = PBXTargetDependency;
			target = 9AC7DA801F00DB9A00F5F6D9 /* TimerManager */;
			targetProxy = 9AC7DA9B1F00DB9A00F5F6D9 /* PBXContainerItemProxy */;
		};
		9AC7DAA71F00DB9A00F5F6D9 /* PBXTargetDependency */ = {
			isa = PBXTargetDependency;
			target = 9AC7DA801F00DB9A00F5F6D9 /* TimerManager */;
			targetProxy = 9AC7DAA61F00DB9A00F5F6D9 /* PBXContainerItemProxy */;
		};
/* End PBXTargetDependency section */

/* Begin PBXVariantGroup section */
		9AC7DA8D1F00DB9A00F5F6D9 /* Main.storyboard */ = {
			isa = PBXVariantGroup;
			children = (
				9AC7DA8E1F00DB9A00F5F6D9 /* Base */,
			);
			name = Main.storyboard;
			sourceTree = "<group>";
		};
		9AC7DA921F00DB9A00F5F6D9 /* LaunchScreen.storyboard */ = {
			isa = PBXVariantGroup;
			children = (
				9AC7DA931F00DB9A00F5F6D9 /* Base */,
			);
			name = LaunchScreen.storyboard;
			sourceTree = "<group>";
		};
/* End PBXVariantGroup section */

/* Begin XCBuildConfiguration section */
		9AC7DAAC1F00DB9A00F5F6D9 /* Debug */ = {
			isa = XCBuildConfiguration;
			buildSettings = {
				ALWAYS_SEARCH_USER_PATHS = NO;
				CLANG_ANALYZER_NONNULL = YES;
				CLANG_ANALYZER_NUMBER_OBJECT_CONVERSION = YES_AGGRESSIVE;
				CLANG_CXX_LANGUAGE_STANDARD = "gnu++0x";
				CLANG_CXX_LIBRARY = "libc++";
				CLANG_ENABLE_MODULES = YES;
				CLANG_ENABLE_OBJC_ARC = YES;
				CLANG_WARN_BOOL_CONVERSION = YES;
				CLANG_WARN_CONSTANT_CONVERSION = YES;
				CLANG_WARN_DIRECT_OBJC_ISA_USAGE = YES_ERROR;
				CLANG_WARN_DOCUMENTATION_COMMENTS = YES;
				CLANG_WARN_EMPTY_BODY = YES;
				CLANG_WARN_ENUM_CONVERSION = YES;
				CLANG_WARN_INFINITE_RECURSION = YES;
				CLANG_WARN_INT_CONVERSION = YES;
				CLANG_WARN_OBJC_ROOT_CLASS = YES_ERROR;
				CLANG_WARN_SUSPICIOUS_MOVE = YES;
				CLANG_WARN_UNREACHABLE_CODE = YES;
				CLANG_WARN__DUPLICATE_METHOD_MATCH = YES;
				"CODE_SIGN_IDENTITY[sdk=iphoneos*]" = "iPhone Developer";
				COPY_PHASE_STRIP = NO;
				DEBUG_INFORMATION_FORMAT = dwarf;
				ENABLE_STRICT_OBJC_MSGSEND = YES;
				ENABLE_TESTABILITY = YES;
				GCC_C_LANGUAGE_STANDARD = gnu99;
				GCC_DYNAMIC_NO_PIC = NO;
				GCC_NO_COMMON_BLOCKS = YES;
				GCC_OPTIMIZATION_LEVEL = 0;
				GCC_PREPROCESSOR_DEFINITIONS = (
					"DEBUG=1",
					"$(inherited)",
				);
				GCC_WARN_64_TO_32_BIT_CONVERSION = YES;
				GCC_WARN_ABOUT_RETURN_TYPE = YES_ERROR;
				GCC_WARN_UNDECLARED_SELECTOR = YES;
				GCC_WARN_UNINITIALIZED_AUTOS = YES_AGGRESSIVE;
				GCC_WARN_UNUSED_FUNCTION = YES;
				GCC_WARN_UNUSED_VARIABLE = YES;
				IPHONEOS_DEPLOYMENT_TARGET = 10.3;
				MTL_ENABLE_DEBUG_INFO = YES;
				ONLY_ACTIVE_ARCH = YES;
				SDKROOT = iphoneos;
				TARGETED_DEVICE_FAMILY = "1,2";
			};
			name = Debug;
		};
		9AC7DAAD1F00DB9A00F5F6D9 /* Release */ = {
			isa = XCBuildConfiguration;
			buildSettings = {
				ALWAYS_SEARCH_USER_PATHS = NO;
				CLANG_ANALYZER_NONNULL = YES;
				CLANG_ANALYZER_NUMBER_OBJECT_CONVERSION = YES_AGGRESSIVE;
				CLANG_CXX_LANGUAGE_STANDARD = "gnu++0x";
				CLANG_CXX_LIBRARY = "libc++";
				CLANG_ENABLE_MODULES = YES;
				CLANG_ENABLE_OBJC_ARC = YES;
				CLANG_WARN_BOOL_CONVERSION = YES;
				CLANG_WARN_CONSTANT_CONVERSION = YES;
				CLANG_WARN_DIRECT_OBJC_ISA_USAGE = YES_ERROR;
				CLANG_WARN_DOCUMENTATION_COMMENTS = YES;
				CLANG_WARN_EMPTY_BODY = YES;
				CLANG_WARN_ENUM_CONVERSION = YES;
				CLANG_WARN_INFINITE_RECURSION = YES;
				CLANG_WARN_INT_CONVERSION = YES;
				CLANG_WARN_OBJC_ROOT_CLASS = YES_ERROR;
				CLANG_WARN_SUSPICIOUS_MOVE = YES;
				CLANG_WARN_UNREACHABLE_CODE = YES;
				CLANG_WARN__DUPLICATE_METHOD_MATCH = YES;
				"CODE_SIGN_IDENTITY[sdk=iphoneos*]" = "iPhone Developer";
				COPY_PHASE_STRIP = NO;
				DEBUG_INFORMATION_FORMAT = "dwarf-with-dsym";
				ENABLE_NS_ASSERTIONS = NO;
				ENABLE_STRICT_OBJC_MSGSEND = YES;
				GCC_C_LANGUAGE_STANDARD = gnu99;
				GCC_NO_COMMON_BLOCKS = YES;
				GCC_WARN_64_TO_32_BIT_CONVERSION = YES;
				GCC_WARN_ABOUT_RETURN_TYPE = YES_ERROR;
				GCC_WARN_UNDECLARED_SELECTOR = YES;
				GCC_WARN_UNINITIALIZED_AUTOS = YES_AGGRESSIVE;
				GCC_WARN_UNUSED_FUNCTION = YES;
				GCC_WARN_UNUSED_VARIABLE = YES;
				IPHONEOS_DEPLOYMENT_TARGET = 10.3;
				MTL_ENABLE_DEBUG_INFO = NO;
				SDKROOT = iphoneos;
				TARGETED_DEVICE_FAMILY = "1,2";
				VALIDATE_PRODUCT = YES;
			};
			name = Release;
		};
		9AC7DAAF1F00DB9A00F5F6D9 /* Debug */ = {
			isa = XCBuildConfiguration;
			buildSettings = {
				ASSETCATALOG_COMPILER_APPICON_NAME = AppIcon;
				DEVELOPMENT_TEAM = JPYH2GZ99G;
				INFOPLIST_FILE = TimerManager/Info.plist;
				LD_RUNPATH_SEARCH_PATHS = "$(inherited) @executable_path/Frameworks";
				PRODUCT_BUNDLE_IDENTIFIER = com.cn.TimerManager;
				PRODUCT_NAME = "$(TARGET_NAME)";
			};
			name = Debug;
		};
		9AC7DAB01F00DB9A00F5F6D9 /* Release */ = {
			isa = XCBuildConfiguration;
			buildSettings = {
				ASSETCATALOG_COMPILER_APPICON_NAME = AppIcon;
				DEVELOPMENT_TEAM = JPYH2GZ99G;
				INFOPLIST_FILE = TimerManager/Info.plist;
				LD_RUNPATH_SEARCH_PATHS = "$(inherited) @executable_path/Frameworks";
				PRODUCT_BUNDLE_IDENTIFIER = com.cn.TimerManager;
				PRODUCT_NAME = "$(TARGET_NAME)";
			};
			name = Release;
		};
		9AC7DAB21F00DB9A00F5F6D9 /* Debug */ = {
			isa = XCBuildConfiguration;
			buildSettings = {
				BUNDLE_LOADER = "$(TEST_HOST)";
				DEVELOPMENT_TEAM = JPYH2GZ99G;
				INFOPLIST_FILE = TimerManagerTests/Info.plist;
				LD_RUNPATH_SEARCH_PATHS = "$(inherited) @executable_path/Frameworks @loader_path/Frameworks";
				PRODUCT_BUNDLE_IDENTIFIER = com.cn.TimerManagerTests;
				PRODUCT_NAME = "$(TARGET_NAME)";
				TEST_HOST = "$(BUILT_PRODUCTS_DIR)/TimerManager.app/TimerManager";
			};
			name = Debug;
		};
		9AC7DAB31F00DB9A00F5F6D9 /* Release */ = {
			isa = XCBuildConfiguration;
			buildSettings = {
				BUNDLE_LOADER = "$(TEST_HOST)";
				DEVELOPMENT_TEAM = JPYH2GZ99G;
				INFOPLIST_FILE = TimerManagerTests/Info.plist;
				LD_RUNPATH_SEARCH_PATHS = "$(inherited) @executable_path/Frameworks @loader_path/Frameworks";
				PRODUCT_BUNDLE_IDENTIFIER = com.cn.TimerManagerTests;
				PRODUCT_NAME = "$(TARGET_NAME)";
				TEST_HOST = "$(BUILT_PRODUCTS_DIR)/TimerManager.app/TimerManager";
			};
			name = Release;
		};
		9AC7DAB51F00DB9A00F5F6D9 /* Debug */ = {
			isa = XCBuildConfiguration;
			buildSettings = {
				DEVELOPMENT_TEAM = JPYH2GZ99G;
				INFOPLIST_FILE = TimerManagerUITests/Info.plist;
				LD_RUNPATH_SEARCH_PATHS = "$(inherited) @executable_path/Frameworks @loader_path/Frameworks";
				PRODUCT_BUNDLE_IDENTIFIER = com.cn.TimerManagerUITests;
				PRODUCT_NAME = "$(TARGET_NAME)";
				TEST_TARGET_NAME = TimerManager;
			};
			name = Debug;
		};
		9AC7DAB61F00DB9A00F5F6D9 /* Release */ = {
			isa = XCBuildConfiguration;
			buildSettings = {
				DEVELOPMENT_TEAM = JPYH2GZ99G;
				INFOPLIST_FILE = TimerManagerUITests/Info.plist;
				LD_RUNPATH_SEARCH_PATHS = "$(inherited) @executable_path/Frameworks @loader_path/Frameworks";
				PRODUCT_BUNDLE_IDENTIFIER = com.cn.TimerManagerUITests;
				PRODUCT_NAME = "$(TARGET_NAME)";
				TEST_TARGET_NAME = TimerManager;
			};
			name = Release;
		};
/* End XCBuildConfiguration section */

/* Begin XCConfigurationList section */
		9AC7DA7C1F00DB9A00F5F6D9 /* Build configuration list for PBXProject "TimerManager" */ = {
			isa = XCConfigurationList;
			buildConfigurations = (
				9AC7DAAC1F00DB9A00F5F6D9 /* Debug */,
				9AC7DAAD1F00DB9A00F5F6D9 /* Release */,
			);
			defaultConfigurationIsVisible = 0;
			defaultConfigurationName = Release;
		};
		9AC7DAAE1F00DB9A00F5F6D9 /* Build configuration list for PBXNativeTarget "TimerManager" */ = {
			isa = XCConfigurationList;
			buildConfigurations = (
				9AC7DAAF1F00DB9A00F5F6D9 /* Debug */,
				9AC7DAB01F00DB9A00F5F6D9 /* Release */,
			);
			defaultConfigurationIsVisible = 0;
		};
		9AC7DAB11F00DB9A00F5F6D9 /* Build configuration list for PBXNativeTarget "TimerManagerTests" */ = {
			isa = XCConfigurationList;
			buildConfigurations = (
				9AC7DAB21F00DB9A00F5F6D9 /* Debug */,
				9AC7DAB31F00DB9A00F5F6D9 /* Release */,
			);
			defaultConfigurationIsVisible = 0;
		};
		9AC7DAB41F00DB9A00F5F6D9 /* Build configuration list for PBXNativeTarget "TimerManagerUITests" */ = {
			isa = XCConfigurationList;
			buildConfigurations = (
				9AC7DAB51F00DB9A00F5F6D9 /* Debug */,
				9AC7DAB61F00DB9A00F5F6D9 /* Release */,
			);
			defaultConfigurationIsVisible = 0;
		};
/* End XCConfigurationList section */
	};
	rootObject = 9AC7DA791F00DB9A00F5F6D9 /* Project object */;
}
